
Microsoft Visual Studio Solution File, Format Version 12.00
# Visual Studio 15
VisualStudioVersion = 15.0.27004.2006
MinimumVisualStudioVersion = 10.0.40219.1
Project("{FAE04EC0-301F-11D3-BF4B-00C04F79EFBC}") = "Rectangle10x10", "Rectangle10x10\Rectangle10x10.csproj", "{F48BCBE7-524D-448C-816D-F8FAB04A67A6}"
EndProject
Project("{FAE04EC0-301F-11D3-BF4B-00C04F79EFBC}") = "RectangleOfNxN", "RectangleOfNxN\RectangleOfNxN.csproj", "{86A1D0D2-DAC3-4625-8795-99CED5B1380A}"
EndProject
Project("{FAE04EC0-301F-11D3-BF4B-00C04F79EFBC}") = "SquareOfStars", "SquareOfStars\SquareOfStars.csproj", "{626C8F77-0482-4F04-80C7-E3FD6B311583}"
EndProject
Project("{FAE04EC0-301F-11D3-BF4B-00C04F79EFBC}") = "TriangleOfDollars", "TriangleOfDollars\TriangleOfDollars.csproj", "{A07D5AEC-A6A0-4869-9D50-B8ABDD6D5DC7}"
EndProject
Project("{FAE04EC0-301F-11D3-BF4B-00C04F79EFBC}") = "SquareFrame", "SquareFrame\SquareFrame.csproj", "{B7AB5FB5-1884-4698-9577-19244149694C}"
EndProject
Global
	GlobalSection(SolutionConfigurationPlatforms) = preSolution
		Debug|Any CPU = Debug|Any CPU
		Release|Any CPU = Release|Any CPU
	EndGlobalSection
	GlobalSection(ProjectConfigurationPlatforms) = postSolution
		{F48BCBE7-524D-448C-816D-F8FAB04A67A6}.Debug|Any CPU.ActiveCfg = Debug|Any CPU
		{F48BCBE7-524D-448C-816D-F8FAB04A67A6}.Debug|Any CPU.Build.0 = Debug|Any CPU
		{F48BCBE7-524D-448C-816D-F8FAB04A67A6}.Release|Any CPU.ActiveCfg = Release|Any CPU
		{F48BCBE7-524D-448C-816D-F8FAB04A67A6}.Release|Any CPU.Build.0 = Release|Any CPU
		{86A1D0D2-DAC3-4625-8795-99CED5B1380A}.Debug|Any CPU.ActiveCfg = Debug|Any CPU
		{86A1D0D2-DAC3-4625-8795-99CED5B1380A}.Debug|Any CPU.Build.0 = Debug|Any CPU
		{86A1D0D2-DAC3-4625-8795-99CED5B1380A}.Release|Any CPU.ActiveCfg = Release|Any CPU
		{86A1D0D2-DAC3-4625-8795-99CED5B1380A}.Release|Any CPU.Build.0 = Release|Any CPU
		{626C8F77-0482-4F04-80C7-E3FD6B311583}.Debug|Any CPU.ActiveCfg = Debug|Any CPU
		{626C8F77-0482-4F04-80C7-E3FD6B311583}.Debug|Any CPU.Build.0 = Debug|Any CPU
		{626C8F77-0482-4F04-80C7-E3FD6B311583}.Release|Any CPU.ActiveCfg = Release|Any CPU
		{626C8F77-0482-4F04-80C7-E3FD6B311583}.Release|Any CPU.Build.0 = Release|Any CPU
		{A07D5AEC-A6A0-4869-9D50-B8ABDD6D5DC7}.Debug|Any CPU.ActiveCfg = Debug|Any CPU
		{A07D5AEC-A6A0-4869-9D50-B8ABDD6D5DC7}.Debug|Any CPU.Build.0 = Debug|Any CPU
		{A07D5AEC-A6A0-4869-9D50-B8ABDD6D5DC7}.Release|Any CPU.ActiveCfg = Release|Any CPU
		{A07D5AEC-A6A0-4869-9D50-B8ABDD6D5DC7}.Release|Any CPU.Build.0 = Release|Any CPU
		{B7AB5FB5-1884-4698-9577-19244149694C}.Debug|Any CPU.ActiveCfg = Debug|Any CPU
		{B7AB5FB5-1884-4698-9577-19244149694C}.Debug|Any CPU.Build.0 = Debug|Any CPU
		{B7AB5FB5-1884-4698-9577-19244149694C}.Release|Any CPU.ActiveCfg = Release|Any CPU
		{B7AB5FB5-1884-4698-9577-19244149694C}.Release|Any CPU.Build.0 = Release|Any CPU
	EndGlobalSection
	GlobalSection(SolutionProperties) = preSolution
		HideSolutionNode = FALSE
	EndGlobalSection
	GlobalSection(ExtensibilityGlobals) = postSolution
		SolutionGuid = {8A95E4DF-9D63-4CED-A4B9-36401A5171A1}
	EndGlobalSection
EndGlobal
